Microsoft Visual Studio Solution File, Format Version 12.00
# Visual Studio 15
VisualStudioVersion = 15.0.26730.15
MinimumVisualStudioVersion = 10.0.40219.1
Project("{2150E333-8FDC-42A3-9474-1A3956D46DE8}") = "External", "External", "{586DA66B-7508-3419-B8A2-0AA397E4B715}"
EndProject
Project("{8BC9CEB8-8B4A-11D0-8D11-00A0C91BC942}") = "BlockchainExplorer", "src\BlockchainExplorer.vcxproj", "{AD90C20F-A7A4-337B-91BB-6BD804D9F05D}"
EndProject
Project("{8BC9CEB8-8B4A-11D0-8D11-00A0C91BC942}") = "Common", "src\Common.vcxproj", "{632F247F-BCD7-3A47-BF85-E04E43E92059}"
EndProject
Project("{8BC9CEB8-8B4A-11D0-8D11-00A0C91BC942}") = "ConnectivityTool", "src\ConnectivityTool.vcxproj", "{D8EA2AED-E59C-3F84-AAC8-55EC7636863C}"
	ProjectSection(ProjectDependencies) = postProject
		{632F247F-BCD7-3A47-BF85-E04E43E92059} = {632F247F-BCD7-3A47-BF85-E04E43E92059}
		{40AC20DD-AAB6-3B63-AA1B-AEF6181E46F4} = {40AC20DD-AAB6-3B63-AA1B-AEF6181E46F4}
		{2715A2BA-E583-3043-BA47-F8542AA23E00} = {2715A2BA-E583-3043-BA47-F8542AA23E00}
		{D5BD334F-055A-3C71-B645-2BAEF586F87E} = {D5BD334F-055A-3C71-B645-2BAEF586F87E}
		{2C12211B-4056-3B86-AB9F-4EBF9455CADF} = {2C12211B-4056-3B86-AB9F-4EBF9455CADF}
		{7A77B983-B15A-3E98-84FC-28F7FAA3FBFD} = {7A77B983-B15A-3E98-84FC-28F7FAA3FBFD}
		{F7B86B76-7C68-3A27-9E79-964E8CC6ED60} = {F7B86B76-7C68-3A27-9E79-964E8CC6ED60}
		{26ED7678-FFCC-3AA5-9F7D-6ACD81E26DF6} = {26ED7678-FFCC-3AA5-9F7D-6ACD81E26DF6}
		{FE3204C5-8786-39F1-8CC5-9BB8E97E99A9} = {FE3204C5-8786-39F1-8CC5-9BB8E97E99A9}
		{21386FE0-A005-317E-ADB9-2E9CE4EF2D55} = {21386FE0-A005-317E-ADB9-2E9CE4EF2D55}
		{5AF9A880-2DB3-3C7D-8605-FF6BE549EB81} = {5AF9A880-2DB3-3C7D-8605-FF6BE549EB81}
	EndProjectSection
EndProject
Project("{8BC9CEB8-8B4A-11D0-8D11-00A0C91BC942}") = "Crypto", "src\Crypto.vcxproj", "{40AC20DD-AAB6-3B63-AA1B-AEF6181E46F4}"
EndProject
Project("{8BC9CEB8-8B4A-11D0-8D11-00A0C91BC942}") = "CryptoNoteCore", "src\CryptoNoteCore.vcxproj", "{2715A2BA-E583-3043-BA47-F8542AA23E00}"
	ProjectSection(ProjectDependencies) = postProject
		{632F247F-BCD7-3A47-BF85-E04E43E92059} = {632F247F-BCD7-3A47-BF85-E04E43E92059}
		{40AC20DD-AAB6-3B63-AA1B-AEF6181E46F4} = {40AC20DD-AAB6-3B63-AA1B-AEF6181E46F4}
		{2C12211B-4056-3B86-AB9F-4EBF9455CADF} = {2C12211B-4056-3B86-AB9F-4EBF9455CADF}
		{26ED7678-FFCC-3AA5-9F7D-6ACD81E26DF6} = {26ED7678-FFCC-3AA5-9F7D-6ACD81E26DF6}
	EndProjectSection
EndProject
Project("{8BC9CEB8-8B4A-11D0-8D11-00A0C91BC942}") = "bitsumd", "src\Daemon.vcxproj", "{96767CFE-E1D1-3911-8749-789C76D37D35}"
	ProjectSection(ProjectDependencies) = postProject
		{632F247F-BCD7-3A47-BF85-E04E43E92059} = {632F247F-BCD7-3A47-BF85-E04E43E92059}
		{40AC20DD-AAB6-3B63-AA1B-AEF6181E46F4} = {40AC20DD-AAB6-3B63-AA1B-AEF6181E46F4}
		{2715A2BA-E583-3043-BA47-F8542AA23E00} = {2715A2BA-E583-3043-BA47-F8542AA23E00}
		{D5BD334F-055A-3C71-B645-2BAEF586F87E} = {D5BD334F-055A-3C71-B645-2BAEF586F87E}
		{2C12211B-4056-3B86-AB9F-4EBF9455CADF} = {2C12211B-4056-3B86-AB9F-4EBF9455CADF}
		{7A77B983-B15A-3E98-84FC-28F7FAA3FBFD} = {7A77B983-B15A-3E98-84FC-28F7FAA3FBFD}
		{F7B86B76-7C68-3A27-9E79-964E8CC6ED60} = {F7B86B76-7C68-3A27-9E79-964E8CC6ED60}
		{26ED7678-FFCC-3AA5-9F7D-6ACD81E26DF6} = {26ED7678-FFCC-3AA5-9F7D-6ACD81E26DF6}
		{FE3204C5-8786-39F1-8CC5-9BB8E97E99A9} = {FE3204C5-8786-39F1-8CC5-9BB8E97E99A9}
		{205A9926-6C37-3FF5-BC1E-D3C9CDA6DEF7} = {205A9926-6C37-3FF5-BC1E-D3C9CDA6DEF7}
		{21386FE0-A005-317E-ADB9-2E9CE4EF2D55} = {21386FE0-A005-317E-ADB9-2E9CE4EF2D55}
		{5AF9A880-2DB3-3C7D-8605-FF6BE549EB81} = {5AF9A880-2DB3-3C7D-8605-FF6BE549EB81}
	EndProjectSection
EndProject
Project("{8BC9CEB8-8B4A-11D0-8D11-00A0C91BC942}") = "Http", "src\Http.vcxproj", "{D5BD334F-055A-3C71-B645-2BAEF586F87E}"
EndProject
Project("{8BC9CEB8-8B4A-11D0-8D11-00A0C91BC942}") = "InProcessNode", "src\InProcessNode.vcxproj", "{5970750A-19F4-38FC-ACCD-5CF1ED404E61}"
EndProject
Project("{8BC9CEB8-8B4A-11D0-8D11-00A0C91BC942}") = "JsonRpcServer", "src\JsonRpcServer.vcxproj", "{A9731CAA-09B0-356C-BE10-0F34806F9C64}"
EndProject
Project("{8BC9CEB8-8B4A-11D0-8D11-00A0C91BC942}") = "Logging", "src\Logging.vcxproj", "{2C12211B-4056-3B86-AB9F-4EBF9455CADF}"
EndProject
Project("{8BC9CEB8-8B4A-11D0-8D11-00A0C91BC942}") = "miner", "src\Miner.vcxproj", "{8A511293-23B8-3B46-92EB-9B5AD3BD89E3}"
	ProjectSection(ProjectDependencies) = postProject
		{632F247F-BCD7-3A47-BF85-E04E43E92059} = {632F247F-BCD7-3A47-BF85-E04E43E92059}
		{40AC20DD-AAB6-3B63-AA1B-AEF6181E46F4} = {40AC20DD-AAB6-3B63-AA1B-AEF6181E46F4}
		{2715A2BA-E583-3043-BA47-F8542AA23E00} = {2715A2BA-E583-3043-BA47-F8542AA23E00}
		{D5BD334F-055A-3C71-B645-2BAEF586F87E} = {D5BD334F-055A-3C71-B645-2BAEF586F87E}
		{2C12211B-4056-3B86-AB9F-4EBF9455CADF} = {2C12211B-4056-3B86-AB9F-4EBF9455CADF}
		{7A77B983-B15A-3E98-84FC-28F7FAA3FBFD} = {7A77B983-B15A-3E98-84FC-28F7FAA3FBFD}
		{F7B86B76-7C68-3A27-9E79-964E8CC6ED60} = {F7B86B76-7C68-3A27-9E79-964E8CC6ED60}
		{26ED7678-FFCC-3AA5-9F7D-6ACD81E26DF6} = {26ED7678-FFCC-3AA5-9F7D-6ACD81E26DF6}
		{FE3204C5-8786-39F1-8CC5-9BB8E97E99A9} = {FE3204C5-8786-39F1-8CC5-9BB8E97E99A9}
		{21386FE0-A005-317E-ADB9-2E9CE4EF2D55} = {21386FE0-A005-317E-ADB9-2E9CE4EF2D55}
	EndProjectSection
EndProject
Project("{8BC9CEB8-8B4A-11D0-8D11-00A0C91BC942}") = "NodeRpcProxy", "src\NodeRpcProxy.vcxproj", "{030EF4AD-1184-3389-8BB1-7D97AD0370A1}"
EndProject
Project("{8BC9CEB8-8B4A-11D0-8D11-00A0C91BC942}") = "P2P", "src\P2P.vcxproj", "{7A77B983-B15A-3E98-84FC-28F7FAA3FBFD}"
	ProjectSection(ProjectDependencies) = postProject
		{632F247F-BCD7-3A47-BF85-E04E43E92059} = {632F247F-BCD7-3A47-BF85-E04E43E92059}
		{40AC20DD-AAB6-3B63-AA1B-AEF6181E46F4} = {40AC20DD-AAB6-3B63-AA1B-AEF6181E46F4}
		{2715A2BA-E583-3043-BA47-F8542AA23E00} = {2715A2BA-E583-3043-BA47-F8542AA23E00}
		{2C12211B-4056-3B86-AB9F-4EBF9455CADF} = {2C12211B-4056-3B86-AB9F-4EBF9455CADF}
		{26ED7678-FFCC-3AA5-9F7D-6ACD81E26DF6} = {26ED7678-FFCC-3AA5-9F7D-6ACD81E26DF6}
		{21386FE0-A005-317E-ADB9-2E9CE4EF2D55} = {21386FE0-A005-317E-ADB9-2E9CE4EF2D55}
		{5AF9A880-2DB3-3C7D-8605-FF6BE549EB81} = {5AF9A880-2DB3-3C7D-8605-FF6BE549EB81}
	EndProjectSection
EndProject
Project("{8BC9CEB8-8B4A-11D0-8D11-00A0C91BC942}") = "PaymentGate", "src\PaymentGate.vcxproj", "{A05C82A6-00C4-3582-9E77-9150067F0E88}"
EndProject
Project("{8BC9CEB8-8B4A-11D0-8D11-00A0C91BC942}") = "wallet-rpc", "src\PaymentGateService.vcxproj", "{AA6FFD3B-833D-388C-B09E-E9510B3629C0}"
	ProjectSection(ProjectDependencies) = postProject
		{AD90C20F-A7A4-337B-91BB-6BD804D9F05D} = {AD90C20F-A7A4-337B-91BB-6BD804D9F05D}
		{632F247F-BCD7-3A47-BF85-E04E43E92059} = {632F247F-BCD7-3A47-BF85-E04E43E92059}
		{40AC20DD-AAB6-3B63-AA1B-AEF6181E46F4} = {40AC20DD-AAB6-3B63-AA1B-AEF6181E46F4}
		{2715A2BA-E583-3043-BA47-F8542AA23E00} = {2715A2BA-E583-3043-BA47-F8542AA23E00}
		{D5BD334F-055A-3C71-B645-2BAEF586F87E} = {D5BD334F-055A-3C71-B645-2BAEF586F87E}
		{5970750A-19F4-38FC-ACCD-5CF1ED404E61} = {5970750A-19F4-38FC-ACCD-5CF1ED404E61}
		{A9731CAA-09B0-356C-BE10-0F34806F9C64} = {A9731CAA-09B0-356C-BE10-0F34806F9C64}
		{2C12211B-4056-3B86-AB9F-4EBF9455CADF} = {2C12211B-4056-3B86-AB9F-4EBF9455CADF}
		{030EF4AD-1184-3389-8BB1-7D97AD0370A1} = {030EF4AD-1184-3389-8BB1-7D97AD0370A1}
		{7A77B983-B15A-3E98-84FC-28F7FAA3FBFD} = {7A77B983-B15A-3E98-84FC-28F7FAA3FBFD}
		{A05C82A6-00C4-3582-9E77-9150067F0E88} = {A05C82A6-00C4-3582-9E77-9150067F0E88}
		{F7B86B76-7C68-3A27-9E79-964E8CC6ED60} = {F7B86B76-7C68-3A27-9E79-964E8CC6ED60}
		{26ED7678-FFCC-3AA5-9F7D-6ACD81E26DF6} = {26ED7678-FFCC-3AA5-9F7D-6ACD81E26DF6}
		{FE3204C5-8786-39F1-8CC5-9BB8E97E99A9} = {FE3204C5-8786-39F1-8CC5-9BB8E97E99A9}
		{5C42ACE2-AE52-3E02-8055-D5537FFF3ACD} = {5C42ACE2-AE52-3E02-8055-D5537FFF3ACD}
		{BF11AC5C-49E8-3BC0-A53A-FDF5EC9F1F07} = {BF11AC5C-49E8-3BC0-A53A-FDF5EC9F1F07}
		{205A9926-6C37-3FF5-BC1E-D3C9CDA6DEF7} = {205A9926-6C37-3FF5-BC1E-D3C9CDA6DEF7}
		{21386FE0-A005-317E-ADB9-2E9CE4EF2D55} = {21386FE0-A005-317E-ADB9-2E9CE4EF2D55}
		{5AF9A880-2DB3-3C7D-8605-FF6BE549EB81} = {5AF9A880-2DB3-3C7D-8605-FF6BE549EB81}
	EndProjectSection
EndProject
Project("{8BC9CEB8-8B4A-11D0-8D11-00A0C91BC942}") = "Rpc", "src\Rpc.vcxproj", "{F7B86B76-7C68-3A27-9E79-964E8CC6ED60}"
	ProjectSection(ProjectDependencies) = postProject
		{632F247F-BCD7-3A47-BF85-E04E43E92059} = {632F247F-BCD7-3A47-BF85-E04E43E92059}
		{40AC20DD-AAB6-3B63-AA1B-AEF6181E46F4} = {40AC20DD-AAB6-3B63-AA1B-AEF6181E46F4}
		{2715A2BA-E583-3043-BA47-F8542AA23E00} = {2715A2BA-E583-3043-BA47-F8542AA23E00}
		{2C12211B-4056-3B86-AB9F-4EBF9455CADF} = {2C12211B-4056-3B86-AB9F-4EBF9455CADF}
		{7A77B983-B15A-3E98-84FC-28F7FAA3FBFD} = {7A77B983-B15A-3E98-84FC-28F7FAA3FBFD}
		{26ED7678-FFCC-3AA5-9F7D-6ACD81E26DF6} = {26ED7678-FFCC-3AA5-9F7D-6ACD81E26DF6}
		{21386FE0-A005-317E-ADB9-2E9CE4EF2D55} = {21386FE0-A005-317E-ADB9-2E9CE4EF2D55}
		{5AF9A880-2DB3-3C7D-8605-FF6BE549EB81} = {5AF9A880-2DB3-3C7D-8605-FF6BE549EB81}
	EndProjectSection
EndProject
Project("{8BC9CEB8-8B4A-11D0-8D11-00A0C91BC942}") = "Serialization", "src\Serialization.vcxproj", "{26ED7678-FFCC-3AA5-9F7D-6ACD81E26DF6}"
EndProject
Project("{8BC9CEB8-8B4A-11D0-8D11-00A0C91BC942}") = "wallet-cli", "src\SimpleWallet.vcxproj", "{C708364B-332E-34E0-819C-DD488883753C}"
	ProjectSection(ProjectDependencies) = postProject
		{632F247F-BCD7-3A47-BF85-E04E43E92059} = {632F247F-BCD7-3A47-BF85-E04E43E92059}
		{40AC20DD-AAB6-3B63-AA1B-AEF6181E46F4} = {40AC20DD-AAB6-3B63-AA1B-AEF6181E46F4}
		{2715A2BA-E583-3043-BA47-F8542AA23E00} = {2715A2BA-E583-3043-BA47-F8542AA23E00}
		{D5BD334F-055A-3C71-B645-2BAEF586F87E} = {D5BD334F-055A-3C71-B645-2BAEF586F87E}
		{2C12211B-4056-3B86-AB9F-4EBF9455CADF} = {2C12211B-4056-3B86-AB9F-4EBF9455CADF}
		{030EF4AD-1184-3389-8BB1-7D97AD0370A1} = {030EF4AD-1184-3389-8BB1-7D97AD0370A1}
		{7A77B983-B15A-3E98-84FC-28F7FAA3FBFD} = {7A77B983-B15A-3E98-84FC-28F7FAA3FBFD}
		{F7B86B76-7C68-3A27-9E79-964E8CC6ED60} = {F7B86B76-7C68-3A27-9E79-964E8CC6ED60}
		{26ED7678-FFCC-3AA5-9F7D-6ACD81E26DF6} = {26ED7678-FFCC-3AA5-9F7D-6ACD81E26DF6}
		{FE3204C5-8786-39F1-8CC5-9BB8E97E99A9} = {FE3204C5-8786-39F1-8CC5-9BB8E97E99A9}
		{5C42ACE2-AE52-3E02-8055-D5537FFF3ACD} = {5C42ACE2-AE52-3E02-8055-D5537FFF3ACD}
		{BF11AC5C-49E8-3BC0-A53A-FDF5EC9F1F07} = {BF11AC5C-49E8-3BC0-A53A-FDF5EC9F1F07}
		{21386FE0-A005-317E-ADB9-2E9CE4EF2D55} = {21386FE0-A005-317E-ADB9-2E9CE4EF2D55}
		{5AF9A880-2DB3-3C7D-8605-FF6BE549EB81} = {5AF9A880-2DB3-3C7D-8605-FF6BE549EB81}
	EndProjectSection
EndProject
Project("{8BC9CEB8-8B4A-11D0-8D11-00A0C91BC942}") = "System", "src\System.vcxproj", "{FE3204C5-8786-39F1-8CC5-9BB8E97E99A9}"
EndProject
Project("{8BC9CEB8-8B4A-11D0-8D11-00A0C91BC942}") = "Transfers", "src\Transfers.vcxproj", "{5C42ACE2-AE52-3E02-8055-D5537FFF3ACD}"
EndProject
Project("{8BC9CEB8-8B4A-11D0-8D11-00A0C91BC942}") = "Wallet", "src\Wallet.vcxproj", "{BF11AC5C-49E8-3BC0-A53A-FDF5EC9F1F07}"
EndProject
Project("{8BC9CEB8-8B4A-11D0-8D11-00A0C91BC942}") = "rocksdblib", "external\rocksdb\rocksdblib.vcxproj", "{205A9926-6C37-3FF5-BC1E-D3C9CDA6DEF7}"
EndProject
Project("{8BC9CEB8-8B4A-11D0-8D11-00A0C91BC942}") = "upnpc-static", "external\miniupnpc\upnpc-static.vcxproj", "{21386FE0-A005-317E-ADB9-2E9CE4EF2D55}"
EndProject
Project("{8BC9CEB8-8B4A-11D0-8D11-00A0C91BC942}") = "version", "version.vcxproj", "{5AF9A880-2DB3-3C7D-8605-FF6BE549EB81}"
EndProject
Project("{2150E333-8FDC-42A3-9474-1A3956D46DE8}") = "Executables", "Executables", "{0C62B13C-1092-4D3E-8C31-494B2C8CE480}"
EndProject
Project("{2150E333-8FDC-42A3-9474-1A3956D46DE8}") = "Libs", "Libs", "{A7F9B1DE-ED58-4D9B-9062-301F4A84EE1F}"
EndProject
Project("{2150E333-8FDC-42A3-9474-1A3956D46DE8}") = "Cfg", "Cfg", "{E29F4CD0-3BA7-48EB-BA98-C37D290026C4}"
	ProjectSection(SolutionItems) = preProject
		..\src\CryptoNoteConfig.h = ..\src\CryptoNoteConfig.h
	EndProjectSection
EndProject
Project("{2150E333-8FDC-42A3-9474-1A3956D46DE8}") = "Hide", "Hide", "{B7DF1A41-A822-4C30-BCE1-35538E61DEA8}"
EndProject
Global
	GlobalSection(SolutionConfigurationPlatforms) = preSolution
		Debug|x64 = Debug|x64
		Release|x64 = Release|x64
		RelWithDebInfo|x64 = RelWithDebInfo|x64
	EndGlobalSection
	GlobalSection(ProjectConfigurationPlatforms) = postSolution
		{AD90C20F-A7A4-337B-91BB-6BD804D9F05D}.Debug|x64.ActiveCfg = Debug|x64
		{AD90C20F-A7A4-337B-91BB-6BD804D9F05D}.Debug|x64.Build.0 = Debug|x64
		{AD90C20F-A7A4-337B-91BB-6BD804D9F05D}.Release|x64.ActiveCfg = Release|x64
		{AD90C20F-A7A4-337B-91BB-6BD804D9F05D}.Release|x64.Build.0 = Release|x64
		{AD90C20F-A7A4-337B-91BB-6BD804D9F05D}.RelWithDebInfo|x64.ActiveCfg = RelWithDebInfo|x64
		{AD90C20F-A7A4-337B-91BB-6BD804D9F05D}.RelWithDebInfo|x64.Build.0 = RelWithDebInfo|x64
		{632F247F-BCD7-3A47-BF85-E04E43E92059}.Debug|x64.ActiveCfg = Debug|x64
		{632F247F-BCD7-3A47-BF85-E04E43E92059}.Debug|x64.Build.0 = Debug|x64
		{632F247F-BCD7-3A47-BF85-E04E43E92059}.Release|x64.ActiveCfg = Release|x64
		{632F247F-BCD7-3A47-BF85-E04E43E92059}.Release|x64.Build.0 = Release|x64
		{632F247F-BCD7-3A47-BF85-E04E43E92059}.RelWithDebInfo|x64.ActiveCfg = RelWithDebInfo|x64
		{632F247F-BCD7-3A47-BF85-E04E43E92059}.RelWithDebInfo|x64.Build.0 = RelWithDebInfo|x64
		{D8EA2AED-E59C-3F84-AAC8-55EC7636863C}.Debug|x64.ActiveCfg = Debug|x64
		{D8EA2AED-E59C-3F84-AAC8-55EC7636863C}.Debug|x64.Build.0 = Debug|x64
		{D8EA2AED-E59C-3F84-AAC8-55EC7636863C}.Release|x64.ActiveCfg = Release|x64
		{D8EA2AED-E59C-3F84-AAC8-55EC7636863C}.Release|x64.Build.0 = Release|x64
		{D8EA2AED-E59C-3F84-AAC8-55EC7636863C}.RelWithDebInfo|x64.ActiveCfg = RelWithDebInfo|x64
		{D8EA2AED-E59C-3F84-AAC8-55EC7636863C}.RelWithDebInfo|x64.Build.0 = RelWithDebInfo|x64
		{40AC20DD-AAB6-3B63-AA1B-AEF6181E46F4}.Debug|x64.ActiveCfg = Debug|x64
		{40AC20DD-AAB6-3B63-AA1B-AEF6181E46F4}.Debug|x64.Build.0 = Debug|x64
		{40AC20DD-AAB6-3B63-AA1B-AEF6181E46F4}.Release|x64.ActiveCfg = Release|x64
		{40AC20DD-AAB6-3B63-AA1B-AEF6181E46F4}.Release|x64.Build.0 = Release|x64
		{40AC20DD-AAB6-3B63-AA1B-AEF6181E46F4}.RelWithDebInfo|x64.ActiveCfg = RelWithDebInfo|x64
		{40AC20DD-AAB6-3B63-AA1B-AEF6181E46F4}.RelWithDebInfo|x64.Build.0 = RelWithDebInfo|x64
		{2715A2BA-E583-3043-BA47-F8542AA23E00}.Debug|x64.ActiveCfg = Debug|x64
		{2715A2BA-E583-3043-BA47-F8542AA23E00}.Debug|x64.Build.0 = Debug|x64
		{2715A2BA-E583-3043-BA47-F8542AA23E00}.Release|x64.ActiveCfg = Release|x64
		{2715A2BA-E583-3043-BA47-F8542AA23E00}.Release|x64.Build.0 = Release|x64
		{2715A2BA-E583-3043-BA47-F8542AA23E00}.RelWithDebInfo|x64.ActiveCfg = RelWithDebInfo|x64
		{2715A2BA-E583-3043-BA47-F8542AA23E00}.RelWithDebInfo|x64.Build.0 = RelWithDebInfo|x64
		{96767CFE-E1D1-3911-8749-789C76D37D35}.Debug|x64.ActiveCfg = Debug|x64
		{96767CFE-E1D1-3911-8749-789C76D37D35}.Debug|x64.Build.0 = Debug|x64
		{96767CFE-E1D1-3911-8749-789C76D37D35}.Release|x64.ActiveCfg = Release|x64
		{96767CFE-E1D1-3911-8749-789C76D37D35}.Release|x64.Build.0 = Release|x64
		{96767CFE-E1D1-3911-8749-789C76D37D35}.RelWithDebInfo|x64.ActiveCfg = RelWithDebInfo|x64
		{96767CFE-E1D1-3911-8749-789C76D37D35}.RelWithDebInfo|x64.Build.0 = RelWithDebInfo|x64
		{D5BD334F-055A-3C71-B645-2BAEF586F87E}.Debug|x64.ActiveCfg = Debug|x64
		{D5BD334F-055A-3C71-B645-2BAEF586F87E}.Debug|x64.Build.0 = Debug|x64
		{D5BD334F-055A-3C71-B645-2BAEF586F87E}.Release|x64.ActiveCfg = Release|x64
		{D5BD334F-055A-3C71-B645-2BAEF586F87E}.Release|x64.Build.0 = Release|x64
		{D5BD334F-055A-3C71-B645-2BAEF586F87E}.RelWithDebInfo|x64.ActiveCfg = RelWithDebInfo|x64
		{D5BD334F-055A-3C71-B645-2BAEF586F87E}.RelWithDebInfo|x64.Build.0 = RelWithDebInfo|x64
		{5970750A-19F4-38FC-ACCD-5CF1ED404E61}.Debug|x64.ActiveCfg = Debug|x64
		{5970750A-19F4-38FC-ACCD-5CF1ED404E61}.Debug|x64.Build.0 = Debug|x64
		{5970750A-19F4-38FC-ACCD-5CF1ED404E61}.Release|x64.ActiveCfg = Release|x64
		{5970750A-19F4-38FC-ACCD-5CF1ED404E61}.Release|x64.Build.0 = Release|x64
		{5970750A-19F4-38FC-ACCD-5CF1ED404E61}.RelWithDebInfo|x64.ActiveCfg = RelWithDebInfo|x64
		{5970750A-19F4-38FC-ACCD-5CF1ED404E61}.RelWithDebInfo|x64.Build.0 = RelWithDebInfo|x64
		{A9731CAA-09B0-356C-BE10-0F34806F9C64}.Debug|x64.ActiveCfg = Debug|x64
		{A9731CAA-09B0-356C-BE10-0F34806F9C64}.Debug|x64.Build.0 = Debug|x64
		{A9731CAA-09B0-356C-BE10-0F34806F9C64}.Release|x64.ActiveCfg = Release|x64
		{A9731CAA-09B0-356C-BE10-0F34806F9C64}.Release|x64.Build.0 = Release|x64
		{A9731CAA-09B0-356C-BE10-0F34806F9C64}.RelWithDebInfo|x64.ActiveCfg = RelWithDebInfo|x64
		{A9731CAA-09B0-356C-BE10-0F34806F9C64}.RelWithDebInfo|x64.Build.0 = RelWithDebInfo|x64
		{2C12211B-4056-3B86-AB9F-4EBF9455CADF}.Debug|x64.ActiveCfg = Debug|x64
		{2C12211B-4056-3B86-AB9F-4EBF9455CADF}.Debug|x64.Build.0 = Debug|x64
		{2C12211B-4056-3B86-AB9F-4EBF9455CADF}.Release|x64.ActiveCfg = Release|x64
		{2C12211B-4056-3B86-AB9F-4EBF9455CADF}.Release|x64.Build.0 = Release|x64
		{2C12211B-4056-3B86-AB9F-4EBF9455CADF}.RelWithDebInfo|x64.ActiveCfg = RelWithDebInfo|x64
		{2C12211B-4056-3B86-AB9F-4EBF9455CADF}.RelWithDebInfo|x64.Build.0 = RelWithDebInfo|x64
		{8A511293-23B8-3B46-92EB-9B5AD3BD89E3}.Debug|x64.ActiveCfg = Debug|x64
		{8A511293-23B8-3B46-92EB-9B5AD3BD89E3}.Debug|x64.Build.0 = Debug|x64
		{8A511293-23B8-3B46-92EB-9B5AD3BD89E3}.Release|x64.ActiveCfg = Release|x64
		{8A511293-23B8-3B46-92EB-9B5AD3BD89E3}.Release|x64.Build.0 = Release|x64
		{8A511293-23B8-3B46-92EB-9B5AD3BD89E3}.RelWithDebInfo|x64.ActiveCfg = RelWithDebInfo|x64
		{8A511293-23B8-3B46-92EB-9B5AD3BD89E3}.RelWithDebInfo|x64.Build.0 = RelWithDebInfo|x64
		{030EF4AD-1184-3389-8BB1-7D97AD0370A1}.Debug|x64.ActiveCfg = Debug|x64
		{030EF4AD-1184-3389-8BB1-7D97AD0370A1}.Debug|x64.Build.0 = Debug|x64
		{030EF4AD-1184-3389-8BB1-7D97AD0370A1}.Release|x64.ActiveCfg = Release|x64
		{030EF4AD-1184-3389-8BB1-7D97AD0370A1}.Release|x64.Build.0 = Release|x64
		{030EF4AD-1184-3389-8BB1-7D97AD0370A1}.RelWithDebInfo|x64.ActiveCfg = RelWithDebInfo|x64
		{030EF4AD-1184-3389-8BB1-7D97AD0370A1}.RelWithDebInfo|x64.Build.0 = RelWithDebInfo|x64
		{7A77B983-B15A-3E98-84FC-28F7FAA3FBFD}.Debug|x64.ActiveCfg = Debug|x64
		{7A77B983-B15A-3E98-84FC-28F7FAA3FBFD}.Debug|x64.Build.0 = Debug|x64
		{7A77B983-B15A-3E98-84FC-28F7FAA3FBFD}.Release|x64.ActiveCfg = Release|x64
		{7A77B983-B15A-3E98-84FC-28F7FAA3FBFD}.Release|x64.Build.0 = Release|x64
		{7A77B983-B15A-3E98-84FC-28F7FAA3FBFD}.RelWithDebInfo|x64.ActiveCfg = RelWithDebInfo|x64
		{7A77B983-B15A-3E98-84FC-28F7FAA3FBFD}.RelWithDebInfo|x64.Build.0 = RelWithDebInfo|x64
		{A05C82A6-00C4-3582-9E77-9150067F0E88}.Debug|x64.ActiveCfg = Debug|x64
		{A05C82A6-00C4-3582-9E77-9150067F0E88}.Debug|x64.Build.0 = Debug|x64
		{A05C82A6-00C4-3582-9E77-9150067F0E88}.Release|x64.ActiveCfg = Release|x64
		{A05C82A6-00C4-3582-9E77-9150067F0E88}.Release|x64.Build.0 = Release|x64
		{A05C82A6-00C4-3582-9E77-9150067F0E88}.RelWithDebInfo|x64.ActiveCfg = RelWithDebInfo|x64
		{A05C82A6-00C4-3582-9E77-9150067F0E88}.RelWithDebInfo|x64.Build.0 = RelWithDebInfo|x64
		{AA6FFD3B-833D-388C-B09E-E9510B3629C0}.Debug|x64.ActiveCfg = Debug|x64
		{AA6FFD3B-833D-388C-B09E-E9510B3629C0}.Debug|x64.Build.0 = Debug|x64
		{AA6FFD3B-833D-388C-B09E-E9510B3629C0}.Release|x64.ActiveCfg = Release|x64
		{AA6FFD3B-833D-388C-B09E-E9510B3629C0}.Release|x64.Build.0 = Release|x64
		{AA6FFD3B-833D-388C-B09E-E9510B3629C0}.RelWithDebInfo|x64.ActiveCfg = RelWithDebInfo|x64
		{AA6FFD3B-833D-388C-B09E-E9510B3629C0}.RelWithDebInfo|x64.Build.0 = RelWithDebInfo|x64
		{F7B86B76-7C68-3A27-9E79-964E8CC6ED60}.Debug|x64.ActiveCfg = Debug|x64
		{F7B86B76-7C68-3A27-9E79-964E8CC6ED60}.Debug|x64.Build.0 = Debug|x64
		{F7B86B76-7C68-3A27-9E79-964E8CC6ED60}.Release|x64.ActiveCfg = Release|x64
		{F7B86B76-7C68-3A27-9E79-964E8CC6ED60}.Release|x64.Build.0 = Release|x64
		{F7B86B76-7C68-3A27-9E79-964E8CC6ED60}.RelWithDebInfo|x64.ActiveCfg = RelWithDebInfo|x64
		{F7B86B76-7C68-3A27-9E79-964E8CC6ED60}.RelWithDebInfo|x64.Build.0 = RelWithDebInfo|x64
		{26ED7678-FFCC-3AA5-9F7D-6ACD81E26DF6}.Debug|x64.ActiveCfg = Debug|x64
		{26ED7678-FFCC-3AA5-9F7D-6ACD81E26DF6}.Debug|x64.Build.0 = Debug|x64
		{26ED7678-FFCC-3AA5-9F7D-6ACD81E26DF6}.Release|x64.ActiveCfg = Release|x64
		{26ED7678-FFCC-3AA5-9F7D-6ACD81E26DF6}.Release|x64.Build.0 = Release|x64
		{26ED7678-FFCC-3AA5-9F7D-6ACD81E26DF6}.RelWithDebInfo|x64.ActiveCfg = RelWithDebInfo|x64
		{26ED7678-FFCC-3AA5-9F7D-6ACD81E26DF6}.RelWithDebInfo|x64.Build.0 = RelWithDebInfo|x64
		{C708364B-332E-34E0-819C-DD488883753C}.Debug|x64.ActiveCfg = Debug|x64
		{C708364B-332E-34E0-819C-DD488883753C}.Debug|x64.Build.0 = Debug|x64
		{C708364B-332E-34E0-819C-DD488883753C}.Release|x64.ActiveCfg = Release|x64
		{C708364B-332E-34E0-819C-DD488883753C}.Release|x64.Build.0 = Release|x64
		{C708364B-332E-34E0-819C-DD488883753C}.RelWithDebInfo|x64.ActiveCfg = RelWithDebInfo|x64
		{C708364B-332E-34E0-819C-DD488883753C}.RelWithDebInfo|x64.Build.0 = RelWithDebInfo|x64
		{FE3204C5-8786-39F1-8CC5-9BB8E97E99A9}.Debug|x64.ActiveCfg = Debug|x64
		{FE3204C5-8786-39F1-8CC5-9BB8E97E99A9}.Debug|x64.Build.0 = Debug|x64
		{FE3204C5-8786-39F1-8CC5-9BB8E97E99A9}.Release|x64.ActiveCfg = Release|x64
		{FE3204C5-8786-39F1-8CC5-9BB8E97E99A9}.Release|x64.Build.0 = Release|x64
		{FE3204C5-8786-39F1-8CC5-9BB8E97E99A9}.RelWithDebInfo|x64.ActiveCfg = RelWithDebInfo|x64
		{FE3204C5-8786-39F1-8CC5-9BB8E97E99A9}.RelWithDebInfo|x64.Build.0 = RelWithDebInfo|x64
		{5C42ACE2-AE52-3E02-8055-D5537FFF3ACD}.Debug|x64.ActiveCfg = Debug|x64
		{5C42ACE2-AE52-3E02-8055-D5537FFF3ACD}.Debug|x64.Build.0 = Debug|x64
		{5C42ACE2-AE52-3E02-8055-D5537FFF3ACD}.Release|x64.ActiveCfg = Release|x64
		{5C42ACE2-AE52-3E02-8055-D5537FFF3ACD}.Release|x64.Build.0 = Release|x64
		{5C42ACE2-AE52-3E02-8055-D5537FFF3ACD}.RelWithDebInfo|x64.ActiveCfg = RelWithDebInfo|x64
		{5C42ACE2-AE52-3E02-8055-D5537FFF3ACD}.RelWithDebInfo|x64.Build.0 = RelWithDebInfo|x64
		{BF11AC5C-49E8-3BC0-A53A-FDF5EC9F1F07}.Debug|x64.ActiveCfg = Debug|x64
		{BF11AC5C-49E8-3BC0-A53A-FDF5EC9F1F07}.Debug|x64.Build.0 = Debug|x64
		{BF11AC5C-49E8-3BC0-A53A-FDF5EC9F1F07}.Release|x64.ActiveCfg = Release|x64
		{BF11AC5C-49E8-3BC0-A53A-FDF5EC9F1F07}.Release|x64.Build.0 = Release|x64
		{BF11AC5C-49E8-3BC0-A53A-FDF5EC9F1F07}.RelWithDebInfo|x64.ActiveCfg = RelWithDebInfo|x64
		{BF11AC5C-49E8-3BC0-A53A-FDF5EC9F1F07}.RelWithDebInfo|x64.Build.0 = RelWithDebInfo|x64
		{205A9926-6C37-3FF5-BC1E-D3C9CDA6DEF7}.Debug|x64.ActiveCfg = Debug|x64
		{205A9926-6C37-3FF5-BC1E-D3C9CDA6DEF7}.Debug|x64.Build.0 = Debug|x64
		{205A9926-6C37-3FF5-BC1E-D3C9CDA6DEF7}.Release|x64.ActiveCfg = Release|x64
		{205A9926-6C37-3FF5-BC1E-D3C9CDA6DEF7}.Release|x64.Build.0 = Release|x64
		{205A9926-6C37-3FF5-BC1E-D3C9CDA6DEF7}.RelWithDebInfo|x64.ActiveCfg = RelWithDebInfo|x64
		{205A9926-6C37-3FF5-BC1E-D3C9CDA6DEF7}.RelWithDebInfo|x64.Build.0 = RelWithDebInfo|x64
		{21386FE0-A005-317E-ADB9-2E9CE4EF2D55}.Debug|x64.ActiveCfg = Debug|x64
		{21386FE0-A005-317E-ADB9-2E9CE4EF2D55}.Debug|x64.Build.0 = Debug|x64
		{21386FE0-A005-317E-ADB9-2E9CE4EF2D55}.Release|x64.ActiveCfg = Release|x64
		{21386FE0-A005-317E-ADB9-2E9CE4EF2D55}.Release|x64.Build.0 = Release|x64
		{21386FE0-A005-317E-ADB9-2E9CE4EF2D55}.RelWithDebInfo|x64.ActiveCfg = RelWithDebInfo|x64
		{21386FE0-A005-317E-ADB9-2E9CE4EF2D55}.RelWithDebInfo|x64.Build.0 = RelWithDebInfo|x64
		{5AF9A880-2DB3-3C7D-8605-FF6BE549EB81}.Debug|x64.ActiveCfg = Debug|x64
		{5AF9A880-2DB3-3C7D-8605-FF6BE549EB81}.Debug|x64.Build.0 = Debug|x64
		{5AF9A880-2DB3-3C7D-8605-FF6BE549EB81}.Release|x64.ActiveCfg = Release|x64
		{5AF9A880-2DB3-3C7D-8605-FF6BE549EB81}.Release|x64.Build.0 = Release|x64
		{5AF9A880-2DB3-3C7D-8605-FF6BE549EB81}.RelWithDebInfo|x64.ActiveCfg = RelWithDebInfo|x64
		{5AF9A880-2DB3-3C7D-8605-FF6BE549EB81}.RelWithDebInfo|x64.Build.0 = RelWithDebInfo|x64
	EndGlobalSection
	GlobalSection(SolutionProperties) = preSolution
		HideSolutionNode = FALSE
	EndGlobalSection
	GlobalSection(NestedProjects) = preSolution
		{AD90C20F-A7A4-337B-91BB-6BD804D9F05D} = {A7F9B1DE-ED58-4D9B-9062-301F4A84EE1F}
		{632F247F-BCD7-3A47-BF85-E04E43E92059} = {A7F9B1DE-ED58-4D9B-9062-301F4A84EE1F}
		{D8EA2AED-E59C-3F84-AAC8-55EC7636863C} = {B7DF1A41-A822-4C30-BCE1-35538E61DEA8}
		{40AC20DD-AAB6-3B63-AA1B-AEF6181E46F4} = {A7F9B1DE-ED58-4D9B-9062-301F4A84EE1F}
		{2715A2BA-E583-3043-BA47-F8542AA23E00} = {A7F9B1DE-ED58-4D9B-9062-301F4A84EE1F}
		{96767CFE-E1D1-3911-8749-789C76D37D35} = {0C62B13C-1092-4D3E-8C31-494B2C8CE480}
		{D5BD334F-055A-3C71-B645-2BAEF586F87E} = {A7F9B1DE-ED58-4D9B-9062-301F4A84EE1F}
		{5970750A-19F4-38FC-ACCD-5CF1ED404E61} = {A7F9B1DE-ED58-4D9B-9062-301F4A84EE1F}
		{A9731CAA-09B0-356C-BE10-0F34806F9C64} = {A7F9B1DE-ED58-4D9B-9062-301F4A84EE1F}
		{2C12211B-4056-3B86-AB9F-4EBF9455CADF} = {A7F9B1DE-ED58-4D9B-9062-301F4A84EE1F}
		{8A511293-23B8-3B46-92EB-9B5AD3BD89E3} = {0C62B13C-1092-4D3E-8C31-494B2C8CE480}
		{030EF4AD-1184-3389-8BB1-7D97AD0370A1} = {A7F9B1DE-ED58-4D9B-9062-301F4A84EE1F}
		{7A77B983-B15A-3E98-84FC-28F7FAA3FBFD} = {A7F9B1DE-ED58-4D9B-9062-301F4A84EE1F}
		{A05C82A6-00C4-3582-9E77-9150067F0E88} = {A7F9B1DE-ED58-4D9B-9062-301F4A84EE1F}
		{AA6FFD3B-833D-388C-B09E-E9510B3629C0} = {0C62B13C-1092-4D3E-8C31-494B2C8CE480}
		{F7B86B76-7C68-3A27-9E79-964E8CC6ED60} = {A7F9B1DE-ED58-4D9B-9062-301F4A84EE1F}
		{26ED7678-FFCC-3AA5-9F7D-6ACD81E26DF6} = {A7F9B1DE-ED58-4D9B-9062-301F4A84EE1F}
		{C708364B-332E-34E0-819C-DD488883753C} = {0C62B13C-1092-4D3E-8C31-494B2C8CE480}
		{FE3204C5-8786-39F1-8CC5-9BB8E97E99A9} = {A7F9B1DE-ED58-4D9B-9062-301F4A84EE1F}
		{5C42ACE2-AE52-3E02-8055-D5537FFF3ACD} = {A7F9B1DE-ED58-4D9B-9062-301F4A84EE1F}
		{BF11AC5C-49E8-3BC0-A53A-FDF5EC9F1F07} = {A7F9B1DE-ED58-4D9B-9062-301F4A84EE1F}
		{205A9926-6C37-3FF5-BC1E-D3C9CDA6DEF7} = {586DA66B-7508-3419-B8A2-0AA397E4B715}
		{21386FE0-A005-317E-ADB9-2E9CE4EF2D55} = {586DA66B-7508-3419-B8A2-0AA397E4B715}
		{5AF9A880-2DB3-3C7D-8605-FF6BE549EB81} = {A7F9B1DE-ED58-4D9B-9062-301F4A84EE1F}
	EndGlobalSection
	GlobalSection(ExtensibilityGlobals) = postSolution
		SolutionGuid = {4BC0732A-5749-4E04-8A28-E66B329D8D37}
	EndGlobalSection
EndGlobal
