<?xml version="1.0" encoding="UTF-8"?>
<Project ToolsVersion="15.0" xmlns="http://schemas.microsoft.com/developer/msbuild/2003">
  <ItemGroup>
    <ClCompile Include="W:\Projects\Bitsum\BitsumCore\src\CryptoNoteCore\Account.cpp" />
    <ClCompile Include="W:\Projects\Bitsum\BitsumCore\src\CryptoNoteCore\AddBlockErrorCondition.cpp" />
    <ClCompile Include="W:\Projects\Bitsum\BitsumCore\src\CryptoNoteCore\AddBlockErrors.cpp" />
    <ClCompile Include="W:\Projects\Bitsum\BitsumCore\src\CryptoNoteCore\BlockValidationErrors.cpp" />
    <ClCompile Include="W:\Projects\Bitsum\BitsumCore\src\CryptoNoteCore\BlockchainCache.cpp" />
    <ClCompile Include="W:\Projects\Bitsum\BitsumCore\src\CryptoNoteCore\BlockchainMessages.cpp" />
    <ClCompile Include="W:\Projects\Bitsum\BitsumCore\src\CryptoNoteCore\BlockchainReadBatch.cpp" />
    <ClCompile Include="W:\Projects\Bitsum\BitsumCore\src\CryptoNoteCore\BlockchainStorage.cpp" />
    <ClCompile Include="W:\Projects\Bitsum\BitsumCore\src\CryptoNoteCore\BlockchainUtils.cpp" />
    <ClCompile Include="W:\Projects\Bitsum\BitsumCore\src\CryptoNoteCore\BlockchainWriteBatch.cpp" />
    <ClCompile Include="W:\Projects\Bitsum\BitsumCore\src\CryptoNoteCore\CachedBlock.cpp" />
    <ClCompile Include="W:\Projects\Bitsum\BitsumCore\src\CryptoNoteCore\CachedTransaction.cpp" />
    <ClCompile Include="W:\Projects\Bitsum\BitsumCore\src\CryptoNoteCore\Checkpoints.cpp" />
    <ClCompile Include="W:\Projects\Bitsum\BitsumCore\src\CryptoNoteCore\Core.cpp" />
    <ClCompile Include="W:\Projects\Bitsum\BitsumCore\src\CryptoNoteCore\CoreErrors.cpp" />
    <ClCompile Include="W:\Projects\Bitsum\BitsumCore\src\CryptoNoteCore\CryptoNoteBasic.cpp" />
    <ClCompile Include="W:\Projects\Bitsum\BitsumCore\src\CryptoNoteCore\CryptoNoteBasicImpl.cpp" />
    <ClCompile Include="W:\Projects\Bitsum\BitsumCore\src\CryptoNoteCore\CryptoNoteFormatUtils.cpp" />
    <ClCompile Include="W:\Projects\Bitsum\BitsumCore\src\CryptoNoteCore\CryptoNoteSerialization.cpp" />
    <ClCompile Include="W:\Projects\Bitsum\BitsumCore\src\CryptoNoteCore\CryptoNoteTools.cpp" />
    <ClCompile Include="W:\Projects\Bitsum\BitsumCore\src\CryptoNoteCore\Currency.cpp" />
    <ClCompile Include="W:\Projects\Bitsum\BitsumCore\src\CryptoNoteCore\DBUtils.cpp" />
    <ClCompile Include="W:\Projects\Bitsum\BitsumCore\src\CryptoNoteCore\DataBaseConfig.cpp" />
    <ClCompile Include="W:\Projects\Bitsum\BitsumCore\src\CryptoNoteCore\DataBaseErrors.cpp" />
    <ClCompile Include="W:\Projects\Bitsum\BitsumCore\src\CryptoNoteCore\DatabaseBlockchainCache.cpp" />
    <ClCompile Include="W:\Projects\Bitsum\BitsumCore\src\CryptoNoteCore\DatabaseBlockchainCacheFactory.cpp" />
    <ClCompile Include="W:\Projects\Bitsum\BitsumCore\src\CryptoNoteCore\DatabaseCacheData.cpp" />
    <ClCompile Include="W:\Projects\Bitsum\BitsumCore\src\CryptoNoteCore\Difficulty.cpp" />
    <ClCompile Include="W:\Projects\Bitsum\BitsumCore\src\CryptoNoteCore\ITimeProvider.cpp" />
    <ClCompile Include="W:\Projects\Bitsum\BitsumCore\src\CryptoNoteCore\MainChainStorage.cpp" />
    <ClCompile Include="W:\Projects\Bitsum\BitsumCore\src\CryptoNoteCore\MemoryBlockchainCacheFactory.cpp" />
    <ClCompile Include="W:\Projects\Bitsum\BitsumCore\src\CryptoNoteCore\MemoryBlockchainStorage.cpp" />
    <ClCompile Include="W:\Projects\Bitsum\BitsumCore\src\CryptoNoteCore\Miner.cpp" />
    <ClCompile Include="W:\Projects\Bitsum\BitsumCore\src\CryptoNoteCore\MinerConfig.cpp" />
    <ClCompile Include="W:\Projects\Bitsum\BitsumCore\src\CryptoNoteCore\RocksDBWrapper.cpp" />
    <ClCompile Include="W:\Projects\Bitsum\BitsumCore\src\CryptoNoteCore\SwappedBlockchainStorage.cpp" />
    <ClCompile Include="W:\Projects\Bitsum\BitsumCore\src\CryptoNoteCore\SwappedMap.cpp" />
    <ClCompile Include="W:\Projects\Bitsum\BitsumCore\src\CryptoNoteCore\SwappedVector.cpp" />
    <ClCompile Include="W:\Projects\Bitsum\BitsumCore\src\CryptoNoteCore\Transaction.cpp" />
    <ClCompile Include="W:\Projects\Bitsum\BitsumCore\src\CryptoNoteCore\TransactionExtra.cpp" />
    <ClCompile Include="W:\Projects\Bitsum\BitsumCore\src\CryptoNoteCore\TransactionPool.cpp" />
    <ClCompile Include="W:\Projects\Bitsum\BitsumCore\src\CryptoNoteCore\TransactionPoolCleaner.cpp" />
    <ClCompile Include="W:\Projects\Bitsum\BitsumCore\src\CryptoNoteCore\TransactionPoolMessages.cpp" />
    <ClCompile Include="W:\Projects\Bitsum\BitsumCore\src\CryptoNoteCore\TransactionPrefixImpl.cpp" />
    <ClCompile Include="W:\Projects\Bitsum\BitsumCore\src\CryptoNoteCore\TransactionUtils.cpp" />
    <ClCompile Include="W:\Projects\Bitsum\BitsumCore\src\CryptoNoteCore\TransactionValidationErrors.cpp" />
    <ClCompile Include="W:\Projects\Bitsum\BitsumCore\src\CryptoNoteCore\TransactionValidatiorState.cpp" />
    <ClCompile Include="W:\Projects\Bitsum\BitsumCore\src\CryptoNoteCore\UpgradeDetector.cpp" />
    <ClCompile Include="W:\Projects\Bitsum\BitsumCore\src\CryptoNoteCore\UpgradeManager.cpp" />
  </ItemGroup>
  <ItemGroup>
    <ClInclude Include="W:\Projects\Bitsum\BitsumCore\src\CryptoNoteCore\Account.h" />
    <ClInclude Include="W:\Projects\Bitsum\BitsumCore\src\CryptoNoteCore\AddBlockErrorCondition.h" />
    <ClInclude Include="W:\Projects\Bitsum\BitsumCore\src\CryptoNoteCore\AddBlockErrors.h" />
    <ClInclude Include="W:\Projects\Bitsum\BitsumCore\src\CryptoNoteCore\BlockValidationErrors.h" />
    <ClInclude Include="W:\Projects\Bitsum\BitsumCore\src\CryptoNoteCore\BlockchainCache.h" />
    <ClInclude Include="W:\Projects\Bitsum\BitsumCore\src\CryptoNoteCore\BlockchainMessages.h" />
    <ClInclude Include="W:\Projects\Bitsum\BitsumCore\src\CryptoNoteCore\BlockchainReadBatch.h" />
    <ClInclude Include="W:\Projects\Bitsum\BitsumCore\src\CryptoNoteCore\BlockchainStorage.h" />
    <ClInclude Include="W:\Projects\Bitsum\BitsumCore\src\CryptoNoteCore\BlockchainUtils.h" />
    <ClInclude Include="W:\Projects\Bitsum\BitsumCore\src\CryptoNoteCore\BlockchainWriteBatch.h" />
    <ClInclude Include="W:\Projects\Bitsum\BitsumCore\src\CryptoNoteCore\CachedBlock.h" />
    <ClInclude Include="W:\Projects\Bitsum\BitsumCore\src\CryptoNoteCore\CachedTransaction.h" />
    <ClInclude Include="W:\Projects\Bitsum\BitsumCore\src\CryptoNoteCore\Checkpoints.h" />
    <ClInclude Include="W:\Projects\Bitsum\BitsumCore\src\CryptoNoteCore\Core.h" />
    <ClInclude Include="W:\Projects\Bitsum\BitsumCore\src\CryptoNoteCore\CoreErrors.h" />
    <ClInclude Include="W:\Projects\Bitsum\BitsumCore\src\CryptoNoteCore\CoreStatistics.h" />
    <ClInclude Include="W:\Projects\Bitsum\BitsumCore\src\CryptoNoteCore\CryptoNoteBasic.h" />
    <ClInclude Include="W:\Projects\Bitsum\BitsumCore\src\CryptoNoteCore\CryptoNoteBasicImpl.h" />
    <ClInclude Include="W:\Projects\Bitsum\BitsumCore\src\CryptoNoteCore\CryptoNoteFormatUtils.h" />
    <ClInclude Include="W:\Projects\Bitsum\BitsumCore\src\CryptoNoteCore\CryptoNoteSerialization.h" />
    <ClInclude Include="W:\Projects\Bitsum\BitsumCore\src\CryptoNoteCore\CryptoNoteTools.h" />
    <ClInclude Include="W:\Projects\Bitsum\BitsumCore\src\CryptoNoteCore\Currency.h" />
    <ClInclude Include="W:\Projects\Bitsum\BitsumCore\src\CryptoNoteCore\DBUtils.h" />
    <ClInclude Include="W:\Projects\Bitsum\BitsumCore\src\CryptoNoteCore\DataBaseConfig.h" />
    <ClInclude Include="W:\Projects\Bitsum\BitsumCore\src\CryptoNoteCore\DataBaseErrors.h" />
    <ClInclude Include="W:\Projects\Bitsum\BitsumCore\src\CryptoNoteCore\DatabaseBlockchainCache.h" />
    <ClInclude Include="W:\Projects\Bitsum\BitsumCore\src\CryptoNoteCore\DatabaseBlockchainCacheFactory.h" />
    <ClInclude Include="W:\Projects\Bitsum\BitsumCore\src\CryptoNoteCore\DatabaseCacheData.h" />
    <ClInclude Include="W:\Projects\Bitsum\BitsumCore\src\CryptoNoteCore\Difficulty.h" />
    <ClInclude Include="W:\Projects\Bitsum\BitsumCore\src\CryptoNoteCore\IBlockchainCache.h" />
    <ClInclude Include="W:\Projects\Bitsum\BitsumCore\src\CryptoNoteCore\IBlockchainCacheFactory.h" />
    <ClInclude Include="W:\Projects\Bitsum\BitsumCore\src\CryptoNoteCore\IBlockchainStorageObserver.h" />
    <ClInclude Include="W:\Projects\Bitsum\BitsumCore\src\CryptoNoteCore\ICore.h" />
    <ClInclude Include="W:\Projects\Bitsum\BitsumCore\src\CryptoNoteCore\ICoreDefinitions.h" />
    <ClInclude Include="W:\Projects\Bitsum\BitsumCore\src\CryptoNoteCore\ICoreInformation.h" />
    <ClInclude Include="W:\Projects\Bitsum\BitsumCore\src\CryptoNoteCore\ICoreObserver.h" />
    <ClInclude Include="W:\Projects\Bitsum\BitsumCore\src\CryptoNoteCore\IKeyValueStorage.h" />
    <ClInclude Include="W:\Projects\Bitsum\BitsumCore\src\CryptoNoteCore\IMainChainStorage.h" />
    <ClInclude Include="W:\Projects\Bitsum\BitsumCore\src\CryptoNoteCore\IMinerHandler.h" />
    <ClInclude Include="W:\Projects\Bitsum\BitsumCore\src\CryptoNoteCore\ITimeProvider.h" />
    <ClInclude Include="W:\Projects\Bitsum\BitsumCore\src\CryptoNoteCore\ITransactionPool.h" />
    <ClInclude Include="W:\Projects\Bitsum\BitsumCore\src\CryptoNoteCore\ITransactionPoolCleaner.h" />
    <ClInclude Include="W:\Projects\Bitsum\BitsumCore\src\CryptoNoteCore\ITransactionValidator.h" />
    <ClInclude Include="W:\Projects\Bitsum\BitsumCore\src\CryptoNoteCore\ITxPoolObserver.h" />
    <ClInclude Include="W:\Projects\Bitsum\BitsumCore\src\CryptoNoteCore\IUpgradeDetector.h" />
    <ClInclude Include="W:\Projects\Bitsum\BitsumCore\src\CryptoNoteCore\IUpgradeManager.h" />
    <ClInclude Include="W:\Projects\Bitsum\BitsumCore\src\CryptoNoteCore\IntrusiveLinkedList.h" />
    <ClInclude Include="W:\Projects\Bitsum\BitsumCore\src\CryptoNoteCore\MainChainStorage.h" />
    <ClInclude Include="W:\Projects\Bitsum\BitsumCore\src\CryptoNoteCore\MemoryBlockchainCacheFactory.h" />
    <ClInclude Include="W:\Projects\Bitsum\BitsumCore\src\CryptoNoteCore\MemoryBlockchainStorage.h" />
    <ClInclude Include="W:\Projects\Bitsum\BitsumCore\src\CryptoNoteCore\MessageQueue.h" />
    <ClInclude Include="W:\Projects\Bitsum\BitsumCore\src\CryptoNoteCore\Miner.h" />
    <ClInclude Include="W:\Projects\Bitsum\BitsumCore\src\CryptoNoteCore\MinerConfig.h" />
    <ClInclude Include="W:\Projects\Bitsum\BitsumCore\src\CryptoNoteCore\OnceInInterval.h" />
    <ClInclude Include="W:\Projects\Bitsum\BitsumCore\src\CryptoNoteCore\RocksDBWrapper.h" />
    <ClInclude Include="W:\Projects\Bitsum\BitsumCore\src\CryptoNoteCore\SwappedBlockchainStorage.h" />
    <ClInclude Include="W:\Projects\Bitsum\BitsumCore\src\CryptoNoteCore\SwappedMap.h" />
    <ClInclude Include="W:\Projects\Bitsum\BitsumCore\src\CryptoNoteCore\SwappedVector.h" />
    <ClInclude Include="W:\Projects\Bitsum\BitsumCore\src\CryptoNoteCore\TransactionApi.h" />
    <ClInclude Include="W:\Projects\Bitsum\BitsumCore\src\CryptoNoteCore\TransactionApiExtra.h" />
    <ClInclude Include="W:\Projects\Bitsum\BitsumCore\src\CryptoNoteCore\TransactionExtra.h" />
    <ClInclude Include="W:\Projects\Bitsum\BitsumCore\src\CryptoNoteCore\TransactionPool.h" />
    <ClInclude Include="W:\Projects\Bitsum\BitsumCore\src\CryptoNoteCore\TransactionPoolCleaner.h" />
    <ClInclude Include="W:\Projects\Bitsum\BitsumCore\src\CryptoNoteCore\TransactionPoolMessages.h" />
    <ClInclude Include="W:\Projects\Bitsum\BitsumCore\src\CryptoNoteCore\TransactionUtils.h" />
    <ClInclude Include="W:\Projects\Bitsum\BitsumCore\src\CryptoNoteCore\TransactionValidationErrors.h" />
    <ClInclude Include="W:\Projects\Bitsum\BitsumCore\src\CryptoNoteCore\TransactionValidatiorState.h" />
    <ClInclude Include="W:\Projects\Bitsum\BitsumCore\src\CryptoNoteCore\UpgradeDetector.h" />
    <ClInclude Include="W:\Projects\Bitsum\BitsumCore\src\CryptoNoteCore\UpgradeManager.h" />
    <ClInclude Include="W:\Projects\Bitsum\BitsumCore\src\CryptoNoteCore\VerificationContext.h" />
    <ClInclude Include="W:\Projects\Bitsum\BitsumCore\src\CryptoNoteConfig.h" />
  </ItemGroup>
  <ItemGroup>
  </ItemGroup>
</Project>
