<?xml version="1.0" encoding="UTF-8"?>
<Project ToolsVersion="15.0" xmlns="http://schemas.microsoft.com/developer/msbuild/2003">
  <ItemGroup>
    <ClCompile Include="W:\Projects\Bitsum\BitsumCore\src\crypto\blake256.c" />
    <ClCompile Include="W:\Projects\Bitsum\BitsumCore\src\crypto\chacha8.c" />
    <ClCompile Include="W:\Projects\Bitsum\BitsumCore\src\crypto\crypto-ops-data.c" />
    <ClCompile Include="W:\Projects\Bitsum\BitsumCore\src\crypto\crypto-ops.c" />
    <ClCompile Include="W:\Projects\Bitsum\BitsumCore\src\crypto\crypto.cpp" />
    <ClCompile Include="W:\Projects\Bitsum\BitsumCore\src\crypto\groestl.c" />
    <ClCompile Include="W:\Projects\Bitsum\BitsumCore\src\crypto\hash-extra-blake.c" />
    <ClCompile Include="W:\Projects\Bitsum\BitsumCore\src\crypto\hash-extra-groestl.c" />
    <ClCompile Include="W:\Projects\Bitsum\BitsumCore\src\crypto\hash-extra-jh.c" />
    <ClCompile Include="W:\Projects\Bitsum\BitsumCore\src\crypto\hash-extra-skein.c" />
    <ClCompile Include="W:\Projects\Bitsum\BitsumCore\src\crypto\hash.c" />
    <ClCompile Include="W:\Projects\Bitsum\BitsumCore\src\crypto\jh.c" />
    <ClCompile Include="W:\Projects\Bitsum\BitsumCore\src\crypto\keccak.c" />
    <ClCompile Include="W:\Projects\Bitsum\BitsumCore\src\crypto\oaes_lib.c" />
    <ClCompile Include="W:\Projects\Bitsum\BitsumCore\src\crypto\random.c" />
    <ClCompile Include="W:\Projects\Bitsum\BitsumCore\src\crypto\skein.c" />
    <ClCompile Include="W:\Projects\Bitsum\BitsumCore\src\crypto\slow-hash.c" />
    <ClCompile Include="W:\Projects\Bitsum\BitsumCore\src\crypto\slow-hash.cpp" />
    <ClCompile Include="W:\Projects\Bitsum\BitsumCore\src\crypto\tree-hash.c" />
  </ItemGroup>
  <ItemGroup>
    <ClInclude Include="W:\Projects\Bitsum\BitsumCore\src\crypto\aesb.h" />
    <ClInclude Include="W:\Projects\Bitsum\BitsumCore\src\crypto\blake256.h" />
    <ClInclude Include="W:\Projects\Bitsum\BitsumCore\src\crypto\chacha8.h" />
    <ClInclude Include="W:\Projects\Bitsum\BitsumCore\src\crypto\crypto-ops.h" />
    <ClInclude Include="W:\Projects\Bitsum\BitsumCore\src\crypto\crypto.h" />
    <ClInclude Include="W:\Projects\Bitsum\BitsumCore\src\crypto\generic-ops.h" />
    <ClInclude Include="W:\Projects\Bitsum\BitsumCore\src\crypto\groestl.h" />
    <ClInclude Include="W:\Projects\Bitsum\BitsumCore\src\crypto\groestl_tables.h" />
    <ClInclude Include="W:\Projects\Bitsum\BitsumCore\src\crypto\hash-ops.h" />
    <ClInclude Include="W:\Projects\Bitsum\BitsumCore\src\crypto\hash.h" />
    <ClInclude Include="W:\Projects\Bitsum\BitsumCore\src\crypto\initializer.h" />
    <ClInclude Include="W:\Projects\Bitsum\BitsumCore\src\crypto\jh.h" />
    <ClInclude Include="W:\Projects\Bitsum\BitsumCore\src\crypto\keccak.h" />
    <ClInclude Include="W:\Projects\Bitsum\BitsumCore\src\crypto\oaes_config.h" />
    <ClInclude Include="W:\Projects\Bitsum\BitsumCore\src\crypto\oaes_lib.h" />
    <ClInclude Include="W:\Projects\Bitsum\BitsumCore\src\crypto\random.h" />
    <ClInclude Include="W:\Projects\Bitsum\BitsumCore\src\crypto\skein.h" />
    <ClInclude Include="W:\Projects\Bitsum\BitsumCore\src\crypto\skein_port.h" />
    <ClInclude Include="W:\Projects\Bitsum\BitsumCore\src\crypto\slow-hash.inl" />
  </ItemGroup>
  <ItemGroup>
  </ItemGroup>
</Project>
