<?xml version="1.0" encoding="UTF-8"?>
<Project ToolsVersion="15.0" xmlns="http://schemas.microsoft.com/developer/msbuild/2003">
  <ItemGroup>
    <ClCompile Include="W:\Projects\Bitsum\Core\src\PaymentGateService\ConfigurationManager.cpp">
      <Filter>Source Files</Filter>
    </ClCompile>
    <ClCompile Include="W:\Projects\Bitsum\Core\src\PaymentGateService\PaymentGateService.cpp">
      <Filter>Source Files</Filter>
    </ClCompile>
    <ClCompile Include="W:\Projects\Bitsum\Core\src\PaymentGateService\PaymentServiceConfiguration.cpp">
      <Filter>Source Files</Filter>
    </ClCompile>
    <ClCompile Include="W:\Projects\Bitsum\Core\src\PaymentGateService\RpcNodeConfiguration.cpp">
      <Filter>Source Files</Filter>
    </ClCompile>
    <ClCompile Include="W:\Projects\Bitsum\Core\src\PaymentGateService\main.cpp">
      <Filter>Source Files</Filter>
    </ClCompile>
  </ItemGroup>
  <ItemGroup>
    <ClInclude Include="W:\Projects\Bitsum\Core\src\PaymentGateService\ConfigurationManager.h">
      <Filter>Header Files</Filter>
    </ClInclude>
    <ClInclude Include="W:\Projects\Bitsum\Core\src\PaymentGateService\PaymentGateService.h">
      <Filter>Header Files</Filter>
    </ClInclude>
    <ClInclude Include="W:\Projects\Bitsum\Core\src\PaymentGateService\PaymentServiceConfiguration.h">
      <Filter>Header Files</Filter>
    </ClInclude>
    <ClInclude Include="W:\Projects\Bitsum\Core\src\PaymentGateService\RpcNodeConfiguration.h">
      <Filter>Header Files</Filter>
    </ClInclude>
  </ItemGroup>
  <ItemGroup>
    <Filter Include="Source Files">
      <UniqueIdentifier>{65A0D4E5-57F3-3E81-9C10-0D9EC4C477C0}</UniqueIdentifier>
    </Filter>
    <Filter Include="Header Files">
      <UniqueIdentifier>{F843E555-AAE5-31DB-B3A7-04A9145CC0F2}</UniqueIdentifier>
    </Filter>
  </ItemGroup>
</Project>
