<?xml version="1.0" encoding="UTF-8"?>
<Project ToolsVersion="15.0" xmlns="http://schemas.microsoft.com/developer/msbuild/2003">
  <ItemGroup>
    <ClCompile Include="W:\Projects\Bitsum\BitsumCore\src\PaymentGateService\ConfigurationManager.cpp">
      <Filter>Source Files</Filter>
    </ClCompile>
    <ClCompile Include="W:\Projects\Bitsum\BitsumCore\src\PaymentGateService\PaymentGateService.cpp">
      <Filter>Source Files</Filter>
    </ClCompile>
    <ClCompile Include="W:\Projects\Bitsum\BitsumCore\src\PaymentGateService\PaymentServiceConfiguration.cpp">
      <Filter>Source Files</Filter>
    </ClCompile>
    <ClCompile Include="W:\Projects\Bitsum\BitsumCore\src\PaymentGateService\RpcNodeConfiguration.cpp">
      <Filter>Source Files</Filter>
    </ClCompile>
    <ClCompile Include="W:\Projects\Bitsum\BitsumCore\src\PaymentGateService\main.cpp">
      <Filter>Source Files</Filter>
    </ClCompile>
  </ItemGroup>
  <ItemGroup>
    <ClInclude Include="W:\Projects\Bitsum\BitsumCore\src\PaymentGateService\ConfigurationManager.h">
      <Filter>Header Files</Filter>
    </ClInclude>
    <ClInclude Include="W:\Projects\Bitsum\BitsumCore\src\PaymentGateService\PaymentGateService.h">
      <Filter>Header Files</Filter>
    </ClInclude>
    <ClInclude Include="W:\Projects\Bitsum\BitsumCore\src\PaymentGateService\PaymentServiceConfiguration.h">
      <Filter>Header Files</Filter>
    </ClInclude>
    <ClInclude Include="W:\Projects\Bitsum\BitsumCore\src\PaymentGateService\RpcNodeConfiguration.h">
      <Filter>Header Files</Filter>
    </ClInclude>
  </ItemGroup>
  <ItemGroup>
    <Filter Include="Source Files">
      <UniqueIdentifier>{6343A709-6454-3E79-8606-604BDB9C0130}</UniqueIdentifier>
    </Filter>
    <Filter Include="Header Files">
      <UniqueIdentifier>{985C52AE-756A-32AF-95D5-9BCFDC9D6E47}</UniqueIdentifier>
    </Filter>
  </ItemGroup>
</Project>
