<?xml version="1.0" encoding="UTF-8"?>
<Project ToolsVersion="15.0" xmlns="http://schemas.microsoft.com/developer/msbuild/2003">
  <ItemGroup>
    <ClCompile Include="W:\Projects\Bitsum\Core\src\Transfers\BlockchainSynchronizer.cpp" />
    <ClCompile Include="W:\Projects\Bitsum\Core\src\Transfers\SynchronizationState.cpp" />
    <ClCompile Include="W:\Projects\Bitsum\Core\src\Transfers\TransfersConsumer.cpp" />
    <ClCompile Include="W:\Projects\Bitsum\Core\src\Transfers\TransfersContainer.cpp" />
    <ClCompile Include="W:\Projects\Bitsum\Core\src\Transfers\TransfersSubscription.cpp" />
    <ClCompile Include="W:\Projects\Bitsum\Core\src\Transfers\TransfersSynchronizer.cpp" />
  </ItemGroup>
  <ItemGroup>
    <ClInclude Include="W:\Projects\Bitsum\Core\src\Transfers\BlockchainSynchronizer.h" />
    <ClInclude Include="W:\Projects\Bitsum\Core\src\Transfers\CommonTypes.h" />
    <ClInclude Include="W:\Projects\Bitsum\Core\src\Transfers\IBlockchainSynchronizer.h" />
    <ClInclude Include="W:\Projects\Bitsum\Core\src\Transfers\IObservableImpl.h" />
    <ClInclude Include="W:\Projects\Bitsum\Core\src\Transfers\SynchronizationState.h" />
    <ClInclude Include="W:\Projects\Bitsum\Core\src\Transfers\TransfersConsumer.h" />
    <ClInclude Include="W:\Projects\Bitsum\Core\src\Transfers\TransfersContainer.h" />
    <ClInclude Include="W:\Projects\Bitsum\Core\src\Transfers\TransfersSubscription.h" />
    <ClInclude Include="W:\Projects\Bitsum\Core\src\Transfers\TransfersSynchronizer.h" />
    <ClInclude Include="W:\Projects\Bitsum\Core\src\Transfers\TypeHelpers.h" />
  </ItemGroup>
  <ItemGroup>
  </ItemGroup>
</Project>
